{
  "nodes": {
    "asciitype-master": {
      "inputs": {
        "flakeNimbleLib": [
          "flakeNimbleLib"
        ],
        "nixpkgs": [
          "nixpkgs"
        ],
        "src-asciitype-master": "src-asciitype-master"
      },
      "locked": {
        "dir": "master",
        "lastModified": 1667322145,
        "narHash": "sha256-9RO4IZPSH3FckP5fboID0V0ljRINJSN5AX3XgMBVXfg=",
        "owner": "nim-nix-pkgs",
        "repo": "asciitype",
        "rev": "556c70295c85accc79aa7b534d5c9394d59af8cb",
        "type": "github"
      },
      "original": {
        "dir": "master",
        "owner": "nim-nix-pkgs",
        "ref": "master",
        "repo": "asciitype",
        "type": "github"
      }
    },
    "flakeNimbleLib": {
      "inputs": {
        "nixpkgs": [
          "nixpkgs"
        ]
      },
      "locked": {
        "lastModified": 1662018438,
        "narHash": "sha256-QtNtU6+LX3Wokxf0zlFwKTFOcn6TeDjKQZ+DA9OYtvM=",
        "owner": "riinr",
        "repo": "nim-flakes-lib",
        "rev": "b1fe8340736e3a85d25c709ac3dfd82a55c03cbf",
        "type": "github"
      },
      "original": {
        "owner": "riinr",
        "ref": "master",
        "repo": "nim-flakes-lib",
        "type": "github"
      }
    },
    "nixpkgs": {
      "locked": {
        "lastModified": 1667199707,
        "narHash": "sha256-I2Js3Y7gUyVSEXPULHlBoRek4Lh85vnevdS6mdvDNLI=",
        "owner": "NixOS",
        "repo": "nixpkgs",
        "rev": "ced197be72099edcfa68ebed8b87af7b04851f45",
        "type": "github"
      },
      "original": {
        "id": "nixpkgs",
        "type": "indirect"
      }
    },
    "root": {
      "inputs": {
        "asciitype-master": "asciitype-master",
        "flakeNimbleLib": "flakeNimbleLib",
        "nixpkgs": "nixpkgs"
      }
    },
    "src-asciitype-master": {
      "flake": false,
      "locked": {
        "lastModified": 1574735420,
        "narHash": "sha256-QTeguDvgvQB6PQJo5o/+CwEve4YAOUWj43P3tkM6mCw=",
        "owner": "chocobo333",
        "repo": "asciitype",
        "rev": "523415bfc3019c1681074a6840d927cc42584038",
        "type": "github"
      },
      "original": {
        "owner": "chocobo333",
        "ref": "refs/heads/master",
        "repo": "asciitype",
        "type": "github"
      }
    }
  },
  "root": "root",
  "version": 7
}
